
Microsoft Visual Studio Solution File, Format Version 12.00
# Visual Studio Version 17
VisualStudioVersion = 17.5.33502.453
MinimumVisualStudioVersion = 10.0.40219.1
Project("{9A19103F-16F7-4668-BE54-9A1E7A4F7556}") = "Proyectov3", "Proyectov3.csproj", "{CFC95372-3058-429E-940F-38279D0F29BC}"
EndProject
Project("{FAE04EC0-301F-11D3-BF4B-00C04F79EFBC}") = "Programaprueba2", "..\Programaprueba2\Programaprueba2.csproj", "{3E4E95FE-229B-4133-A909-500FC14CDE1F}"
EndProject
Global
	GlobalSection(SolutionConfigurationPlatforms) = preSolution
		Debug|Any CPU = Debug|Any CPU
		Release|Any CPU = Release|Any CPU
	EndGlobalSection
	GlobalSection(ProjectConfigurationPlatforms) = postSolution
		{CFC95372-3058-429E-940F-38279D0F29BC}.Debug|Any CPU.ActiveCfg = Debug|Any CPU
		{CFC95372-3058-429E-940F-38279D0F29BC}.Debug|Any CPU.Build.0 = Debug|Any CPU
		{CFC95372-3058-429E-940F-38279D0F29BC}.Release|Any CPU.ActiveCfg = Release|Any CPU
		{CFC95372-3058-429E-940F-38279D0F29BC}.Release|Any CPU.Build.0 = Release|Any CPU
		{3E4E95FE-229B-4133-A909-500FC14CDE1F}.Debug|Any CPU.ActiveCfg = Debug|Any CPU
		{3E4E95FE-229B-4133-A909-500FC14CDE1F}.Debug|Any CPU.Build.0 = Debug|Any CPU
		{3E4E95FE-229B-4133-A909-500FC14CDE1F}.Release|Any CPU.ActiveCfg = Release|Any CPU
		{3E4E95FE-229B-4133-A909-500FC14CDE1F}.Release|Any CPU.Build.0 = Release|Any CPU
	EndGlobalSection
	GlobalSection(SolutionProperties) = preSolution
		HideSolutionNode = FALSE
	EndGlobalSection
	GlobalSection(ExtensibilityGlobals) = postSolution
		SolutionGuid = {6B2CEAE6-046A-4B58-A411-39234EA8AF7A}
	EndGlobalSection
EndGlobal
